// !$*UTF8*$!
{
	archiveVersion = 1;
	classes = {
	};
	objectVersion = 46;
	objects = {

/* Begin PBXBuildFile section */
		8C5C5CA41BA850BF00D0A0F1 /* AppDelegate.swift in Sources */ = {isa = PBXBuildFile; fileRef = 8C5C5CA31BA850BF00D0A0F1 /* AppDelegate.swift */; };
		8C5C5CA61BA850BF00D0A0F1 /* ViewController.swift in Sources */ = {isa = PBXBuildFile; fileRef = 8C5C5CA51BA850BF00D0A0F1 /* ViewController.swift */; };
		8C5C5CA91BA850BF00D0A0F1 /* Main.storyboard in Resources */ = {isa = PBXBuildFile; fileRef = 8C5C5CA71BA850BF00D0A0F1 /* Main.storyboard */; };
		8C5C5CAB1BA850BF00D0A0F1 /* Assets.xcassets in Resources */ = {isa = PBXBuildFile; fileRef = 8C5C5CAA1BA850BF00D0A0F1 /* Assets.xcassets */; };
		8C5C5CAE1BA850BF00D0A0F1 /* LaunchScreen.storyboard in Resources */ = {isa = PBXBuildFile; fileRef = 8C5C5CAC1BA850BF00D0A0F1 /* LaunchScreen.storyboard */; };
		8C5C5CB81BA854A000D0A0F1 /* Shaders.metal in Sources */ = {isa = PBXBuildFile; fileRef = 8C5C5CB71BA854A000D0A0F1 /* Shaders.metal */; settings = {ASSET_TAGS = (); }; };
/* End PBXBuildFile section */

/* Begin PBXFileReference section */
		8C5C5CA01BA850BF00D0A0F1 /* Iron.app */ = {isa = PBXFileReference; explicitFileType = wrapper.application; includeInIndex = 0; path = Iron.app; sourceTree = BUILT_PRODUCTS_DIR; };
		8C5C5CA31BA850BF00D0A0F1 /* AppDelegate.swift */ = {isa = PBXFileReference; lastKnownFileType = sourcecode.swift; path = AppDelegate.swift; sourceTree = "<group>"; };
		8C5C5CA51BA850BF00D0A0F1 /* ViewController.swift */ = {isa = PBXFileReference; lastKnownFileType = sourcecode.swift; path = ViewController.swift; sourceTree = "<group>"; };
		8C5C5CA81BA850BF00D0A0F1 /* Base */ = {isa = PBXFileReference; lastKnownFileType = file.storyboard; name = Base; path = Base.lproj/Main.storyboard; sourceTree = "<group>"; };
		8C5C5CAA1BA850BF00D0A0F1 /* Assets.xcassets */ = {isa = PBXFileReference; lastKnownFileType = folder.assetcatalog; path = Assets.xcassets; sourceTree = "<group>"; };
		8C5C5CAD1BA850BF00D0A0F1 /* Base */ = {isa = PBXFileReference; lastKnownFileType = file.storyboard; name = Base; path = Base.lproj/LaunchScreen.storyboard; sourceTree = "<group>"; };
		8C5C5CAF1BA850BF00D0A0F1 /* Info.plist */ = {isa = PBXFileReference; lastKnownFileType = text.plist.xml; path = Info.plist; sourceTree = "<group>"; };
		8C5C5CB71BA854A000D0A0F1 /* Shaders.metal */ = {isa = PBXFileReference; fileEncoding = 4; lastKnownFileType = sourcecode.metal; path = Shaders.metal; sourceTree = "<group>"; };
/* End PBXFileReference section */

/* Begin PBXFrameworksBuildPhase section */
		8C5C5C9D1BA850BF00D0A0F1 /* Frameworks */ = {
			isa = PBXFrameworksBuildPhase;
			buildActionMask = 2147483647;
			files = (
			);
			runOnlyForDeploymentPostprocessing = 0;
		};
/* End PBXFrameworksBuildPhase section */

/* Begin PBXGroup section */
		8C5C5C971BA850BF00D0A0F1 = {
			isa = PBXGroup;
			children = (
				8C5C5CA21BA850BF00D0A0F1 /* Iron */,
				8C5C5CA11BA850BF00D0A0F1 /* Products */,
			);
			sourceTree = "<group>";
		};
		8C5C5CA11BA850BF00D0A0F1 /* Products */ = {
			isa = PBXGroup;
			children = (
				8C5C5CA01BA850BF00D0A0F1 /* Iron.app */,
			);
			name = Products;
			sourceTree = "<group>";
		};
		8C5C5CA21BA850BF00D0A0F1 /* Iron */ = {
			isa = PBXGroup;
			children = (
				8C5C5CA31BA850BF00D0A0F1 /* AppDelegate.swift */,
				8C5C5CA51BA850BF00D0A0F1 /* ViewController.swift */,
				8C5C5CB71BA854A000D0A0F1 /* Shaders.metal */,
				8C5C5CA71BA850BF00D0A0F1 /* Main.storyboard */,
				8C5C5CAA1BA850BF00D0A0F1 /* Assets.xcassets */,
				8C5C5CAC1BA850BF00D0A0F1 /* LaunchScreen.storyboard */,
				8C5C5CAF1BA850BF00D0A0F1 /* Info.plist */,
			);
			path = Iron;
			sourceTree = "<group>";
		};
/* End PBXGroup section */

/* Begin PBXNativeTarget section */
		8C5C5C9F1BA850BF00D0A0F1 /* Iron */ = {
			isa = PBXNativeTarget;
			buildConfigurationList = 8C5C5CB21BA850BF00D0A0F1 /* Build configuration list for PBXNativeTarget "Iron" */;
			buildPhases = (
				8C5C5C9C1BA850BF00D0A0F1 /* Sources */,
				8C5C5C9D1BA850BF00D0A0F1 /* Frameworks */,
				8C5C5C9E1BA850BF00D0A0F1 /* Resources */,
			);
			buildRules = (
			);
			dependencies = (
			);
			name = Iron;
			productName = Iron;
			productReference = 8C5C5CA01BA850BF00D0A0F1 /* Iron.app */;
			productType = "com.apple.product-type.application";
		};
/* End PBXNativeTarget section */

/* Begin PBXProject section */
		8C5C5C981BA850BF00D0A0F1 /* Project object */ = {
			isa = PBXProject;
			attributes = {
				LastUpgradeCheck = 0700;
				ORGANIZATIONNAME = rubyist.today;
				TargetAttributes = {
					8C5C5C9F1BA850BF00D0A0F1 = {
						CreatedOnToolsVersion = 7.0;
					};
				};
			};
			buildConfigurationList = 8C5C5C9B1BA850BF00D0A0F1 /* Build configuration list for PBXProject "Iron" */;
			compatibilityVersion = "Xcode 3.2";
			developmentRegion = English;
			hasScannedForEncodings = 0;
			knownRegions = (
				en,
				Base,
			);
			mainGroup = 8C5C5C971BA850BF00D0A0F1;
			productRefGroup = 8C5C5CA11BA850BF00D0A0F1 /* Products */;
			projectDirPath = "";
			projectRoot = "";
			targets = (
				8C5C5C9F1BA850BF00D0A0F1 /* Iron */,
			);
		};
/* End PBXProject section */

/* Begin PBXResourcesBuildPhase section */
		8C5C5C9E1BA850BF00D0A0F1 /* Resources */ = {
			isa = PBXResourcesBuildPhase;
			buildActionMask = 2147483647;
			files = (
				8C5C5CAE1BA850BF00D0A0F1 /* LaunchScreen.storyboard in Resources */,
				8C5C5CAB1BA850BF00D0A0F1 /* Assets.xcassets in Resources */,
				8C5C5CA91BA850BF00D0A0F1 /* Main.storyboard in Resources */,
			);
			runOnlyForDeploymentPostprocessing = 0;
		};
/* End PBXResourcesBuildPhase section */

/* Begin PBXSourcesBuildPhase section */
		8C5C5C9C1BA850BF00D0A0F1 /* Sources */ = {
			isa = PBXSourcesBuildPhase;
			buildActionMask = 2147483647;
			files = (
				8C5C5CB81BA854A000D0A0F1 /* Shaders.metal in Sources */,
				8C5C5CA61BA850BF00D0A0F1 /* ViewController.swift in Sources */,
				8C5C5CA41BA850BF00D0A0F1 /* AppDelegate.swift in Sources */,
			);
			runOnlyForDeploymentPostprocessing = 0;
		};
/* End PBXSourcesBuildPhase section */

/* Begin PBXVariantGroup section */
		8C5C5CA71BA850BF00D0A0F1 /* Main.storyboard */ = {
			isa = PBXVariantGroup;
			children = (
				8C5C5CA81BA850BF00D0A0F1 /* Base */,
			);
			name = Main.storyboard;
			sourceTree = "<group>";
		};
		8C5C5CAC1BA850BF00D0A0F1 /* LaunchScreen.storyboard */ = {
			isa = PBXVariantGroup;
			children = (
				8C5C5CAD1BA850BF00D0A0F1 /* Base */,
			);
			name = LaunchScreen.storyboard;
			sourceTree = "<group>";
		};
/* End PBXVariantGroup section */

/* Begin XCBuildConfiguration section */
		8C5C5CB01BA850BF00D0A0F1 /* Debug */ = {
			isa = XCBuildConfiguration;
			buildSettings = {
				ALWAYS_SEARCH_USER_PATHS = NO;
				CLANG_CXX_LANGUAGE_STANDARD = "gnu++0x";
				CLANG_CXX_LIBRARY = "libc++";
				CLANG_ENABLE_MODULES = YES;
				CLANG_ENABLE_OBJC_ARC = YES;
				CLANG_WARN_BOOL_CONVERSION = YES;
				CLANG_WARN_CONSTANT_CONVERSION = YES;
				CLANG_WARN_DIRECT_OBJC_ISA_USAGE = YES_ERROR;
				CLANG_WARN_EMPTY_BODY = YES;
				CLANG_WARN_ENUM_CONVERSION = YES;
				CLANG_WARN_INT_CONVERSION = YES;
				CLANG_WARN_OBJC_ROOT_CLASS = YES_ERROR;
				CLANG_WARN_UNREACHABLE_CODE = YES;
				CLANG_WARN__DUPLICATE_METHOD_MATCH = YES;
				"CODE_SIGN_IDENTITY[sdk=iphoneos*]" = "iPhone Developer";
				COPY_PHASE_STRIP = NO;
				DEBUG_INFORMATION_FORMAT = dwarf;
				ENABLE_STRICT_OBJC_MSGSEND = YES;
				ENABLE_TESTABILITY = YES;
				GCC_C_LANGUAGE_STANDARD = gnu99;
				GCC_DYNAMIC_NO_PIC = NO;
				GCC_NO_COMMON_BLOCKS = YES;
				GCC_OPTIMIZATION_LEVEL = 0;
				GCC_PREPROCESSOR_DEFINITIONS = (
					"DEBUG=1",
					"$(inherited)",
				);
				GCC_WARN_64_TO_32_BIT_CONVERSION = YES;
				GCC_WARN_ABOUT_RETURN_TYPE = YES_ERROR;
				GCC_WARN_UNDECLARED_SELECTOR = YES;
				GCC_WARN_UNINITIALIZED_AUTOS = YES_AGGRESSIVE;
				GCC_WARN_UNUSED_FUNCTION = YES;
				GCC_WARN_UNUSED_VARIABLE = YES;
				IPHONEOS_DEPLOYMENT_TARGET = 9.0;
				MTL_ENABLE_DEBUG_INFO = YES;
				ONLY_ACTIVE_ARCH = YES;
				SDKROOT = iphoneos;
				SWIFT_OPTIMIZATION_LEVEL = "-Onone";
				TARGETED_DEVICE_FAMILY = "1,2";
			};
			name = Debug;
		};
		8C5C5CB11BA850BF00D0A0F1 /* Release */ = {
			isa = XCBuildConfiguration;
			buildSettings = {
				ALWAYS_SEARCH_USER_PATHS = NO;
				CLANG_CXX_LANGUAGE_STANDARD = "gnu++0x";
				CLANG_CXX_LIBRARY = "libc++";
				CLANG_ENABLE_MODULES = YES;
				CLANG_ENABLE_OBJC_ARC = YES;
				CLANG_WARN_BOOL_CONVERSION = YES;
				CLANG_WARN_CONSTANT_CONVERSION = YES;
				CLANG_WARN_DIRECT_OBJC_ISA_USAGE = YES_ERROR;
				CLANG_WARN_EMPTY_BODY = YES;
				CLANG_WARN_ENUM_CONVERSION = YES;
				CLANG_WARN_INT_CONVERSION = YES;
				CLANG_WARN_OBJC_ROOT_CLASS = YES_ERROR;
				CLANG_WARN_UNREACHABLE_CODE = YES;
				CLANG_WARN__DUPLICATE_METHOD_MATCH = YES;
				"CODE_SIGN_IDENTITY[sdk=iphoneos*]" = "iPhone Developer";
				COPY_PHASE_STRIP = NO;
				DEBUG_INFORMATION_FORMAT = "dwarf-with-dsym";
				ENABLE_NS_ASSERTIONS = NO;
				ENABLE_STRICT_OBJC_MSGSEND = YES;
				GCC_C_LANGUAGE_STANDARD = gnu99;
				GCC_NO_COMMON_BLOCKS = YES;
				GCC_WARN_64_TO_32_BIT_CONVERSION = YES;
				GCC_WARN_ABOUT_RETURN_TYPE = YES_ERROR;
				GCC_WARN_UNDECLARED_SELECTOR = YES;
				GCC_WARN_UNINITIALIZED_AUTOS = YES_AGGRESSIVE;
				GCC_WARN_UNUSED_FUNCTION = YES;
				GCC_WARN_UNUSED_VARIABLE = YES;
				IPHONEOS_DEPLOYMENT_TARGET = 9.0;
				MTL_ENABLE_DEBUG_INFO = NO;
				SDKROOT = iphoneos;
				TARGETED_DEVICE_FAMILY = "1,2";
				VALIDATE_PRODUCT = YES;
			};
			name = Release;
		};
		8C5C5CB31BA850BF00D0A0F1 /* Debug */ = {
			isa = XCBuildConfiguration;
			buildSettings = {
				ASSETCATALOG_COMPILER_APPICON_NAME = AppIcon;
				INFOPLIST_FILE = Iron/Info.plist;
				LD_RUNPATH_SEARCH_PATHS = "$(inherited) @executable_path/Frameworks";
				PRODUCT_BUNDLE_IDENTIFIER = rubyist.today.Iron;
				PRODUCT_NAME = "$(TARGET_NAME)";
			};
			name = Debug;
		};
		8C5C5CB41BA850BF00D0A0F1 /* Release */ = {
			isa = XCBuildConfiguration;
			buildSettings = {
				ASSETCATALOG_COMPILER_APPICON_NAME = AppIcon;
				INFOPLIST_FILE = Iron/Info.plist;
				LD_RUNPATH_SEARCH_PATHS = "$(inherited) @executable_path/Frameworks";
				PRODUCT_BUNDLE_IDENTIFIER = rubyist.today.Iron;
				PRODUCT_NAME = "$(TARGET_NAME)";
			};
			name = Release;
		};
/* End XCBuildConfiguration section */

/* Begin XCConfigurationList section */
		8C5C5C9B1BA850BF00D0A0F1 /* Build configuration list for PBXProject "Iron" */ = {
			isa = XCConfigurationList;
			buildConfigurations = (
				8C5C5CB01BA850BF00D0A0F1 /* Debug */,
				8C5C5CB11BA850BF00D0A0F1 /* Release */,
			);
			defaultConfigurationIsVisible = 0;
			defaultConfigurationName = Release;
		};
		8C5C5CB21BA850BF00D0A0F1 /* Build configuration list for PBXNativeTarget "Iron" */ = {
			isa = XCConfigurationList;
			buildConfigurations = (
				8C5C5CB31BA850BF00D0A0F1 /* Debug */,
				8C5C5CB41BA850BF00D0A0F1 /* Release */,
			);
			defaultConfigurationIsVisible = 0;
		};
/* End XCConfigurationList section */
	};
	rootObject = 8C5C5C981BA850BF00D0A0F1 /* Project object */;
}
